
Microsoft Visual Studio Solution File, Format Version 12.00
# Visual Studio Version 16
VisualStudioVersion = 16.0.29509.3
MinimumVisualStudioVersion = 10.0.40219.1
Project("{2150E333-8FDC-42A3-9474-1A3956D46DE8}") = "Solution Items", "Solution Items", "{0CFC8F6D-275D-4C3F-B1E5-8198B469FBD0}"
	ProjectSection(SolutionItems) = preProject
		.gitignore = .gitignore
		azure-pipelines.yml = azure-pipelines.yml
		GitVersion.yml = GitVersion.yml
		LICENSE = LICENSE
		README.md = README.md
	EndProjectSection
EndProject
Project("{2150E333-8FDC-42A3-9474-1A3956D46DE8}") = "Core", "Core", "{97768613-CB85-43A1-901B-B36ACBA2EAC5}"
EndProject
Project("{2150E333-8FDC-42A3-9474-1A3956D46DE8}") = "Adapters", "Adapters", "{63C95AD9-B3A1-4C31-B389-83607531B385}"
EndProject
Project("{2150E333-8FDC-42A3-9474-1A3956D46DE8}") = "Composition Root", "Composition Root", "{8A121FB0-BB35-4010-B322-C052280AB8EF}"
EndProject
Project("{2150E333-8FDC-42A3-9474-1A3956D46DE8}") = "Driving", "Driving", "{3EDB211A-BC87-4A49-B3DD-F5F3DC3E31D2}"
EndProject
Project("{2150E333-8FDC-42A3-9474-1A3956D46DE8}") = "Driven", "Driven", "{D154A52B-062E-4B84-B00C-9F09544FCCD4}"
EndProject
Project("{9A19103F-16F7-4668-BE54-9A1E7A4F7556}") = "CleanPlate.SharedKernel", "src\Core\CleanPlate.SharedKernel\CleanPlate.SharedKernel.csproj", "{2EDB5F80-4D93-4757-9C06-8B70F928358C}"
EndProject
Project("{2150E333-8FDC-42A3-9474-1A3956D46DE8}") = "Web API", "Web API", "{3C4072BD-3E6E-4470-883C-1979720DC3FD}"
EndProject
Project("{9A19103F-16F7-4668-BE54-9A1E7A4F7556}") = "CleanPlate.WebAPI", "src\Adapters\Driving\CleanPlate.WebAPI\CleanPlate.WebAPI.csproj", "{3493A4E8-B94A-4086-A9DB-08A189100D23}"
EndProject
Project("{9A19103F-16F7-4668-BE54-9A1E7A4F7556}") = "CleanPlate.CompositionRoot", "src\Composition Root\CleanPlate.CompositionRoot\CleanPlate.CompositionRoot.csproj", "{90EB2D57-E0FF-435D-BE16-B49A579D5CA3}"
EndProject
Project("{2150E333-8FDC-42A3-9474-1A3956D46DE8}") = "src", "src", "{89704836-F83B-48EA-A026-EB2F11F330F9}"
EndProject
Project("{2150E333-8FDC-42A3-9474-1A3956D46DE8}") = "tests", "tests", "{5EC45863-082F-496D-9EFC-E4850423079E}"
EndProject
Project("{2150E333-8FDC-42A3-9474-1A3956D46DE8}") = "Api", "Api", "{C7B8E8A3-166B-4633-87C1-889DECC768D7}"
EndProject
Project("{2150E333-8FDC-42A3-9474-1A3956D46DE8}") = "Unit", "Unit", "{76EC5F08-B6C3-472F-8C55-FFADE6155149}"
EndProject
Project("{2150E333-8FDC-42A3-9474-1A3956D46DE8}") = "Integration", "Integration", "{DC4FBA86-9E7F-4B1C-ADA3-CCD2DCE4063E}"
EndProject
Project("{2150E333-8FDC-42A3-9474-1A3956D46DE8}") = "Application", "Application", "{C0C777B9-AE45-4984-9455-2AA62568B68A}"
EndProject
Project("{2150E333-8FDC-42A3-9474-1A3956D46DE8}") = "WeatherForecast", "WeatherForecast", "{19C337EA-E2CC-4F50-9D25-DAEB25E2899F}"
EndProject
Project("{9A19103F-16F7-4668-BE54-9A1E7A4F7556}") = "CleanPlate.Api.Tests", "tests\Api\WeatherForecast\CleanPlate.Api.Tests\CleanPlate.Api.Tests.csproj", "{5F619849-A9DA-44A9-A072-385E6B92FE5B}"
EndProject
Project("{FAE04EC0-301F-11D3-BF4B-00C04F79EFBC}") = "CleanPlate.Unit.Tests", "tests\Unit\CleanPlate.Unit.Tests\CleanPlate.Unit.Tests.csproj", "{39AD326E-4BF0-4208-9F20-25165713A099}"
EndProject
Global
	GlobalSection(SolutionConfigurationPlatforms) = preSolution
		Debug|Any CPU = Debug|Any CPU
		Release|Any CPU = Release|Any CPU
	EndGlobalSection
	GlobalSection(ProjectConfigurationPlatforms) = postSolution
		{2EDB5F80-4D93-4757-9C06-8B70F928358C}.Debug|Any CPU.ActiveCfg = Debug|Any CPU
		{2EDB5F80-4D93-4757-9C06-8B70F928358C}.Debug|Any CPU.Build.0 = Debug|Any CPU
		{2EDB5F80-4D93-4757-9C06-8B70F928358C}.Release|Any CPU.ActiveCfg = Release|Any CPU
		{2EDB5F80-4D93-4757-9C06-8B70F928358C}.Release|Any CPU.Build.0 = Release|Any CPU
		{3493A4E8-B94A-4086-A9DB-08A189100D23}.Debug|Any CPU.ActiveCfg = Debug|Any CPU
		{3493A4E8-B94A-4086-A9DB-08A189100D23}.Debug|Any CPU.Build.0 = Debug|Any CPU
		{3493A4E8-B94A-4086-A9DB-08A189100D23}.Release|Any CPU.ActiveCfg = Release|Any CPU
		{3493A4E8-B94A-4086-A9DB-08A189100D23}.Release|Any CPU.Build.0 = Release|Any CPU
		{90EB2D57-E0FF-435D-BE16-B49A579D5CA3}.Debug|Any CPU.ActiveCfg = Debug|Any CPU
		{90EB2D57-E0FF-435D-BE16-B49A579D5CA3}.Debug|Any CPU.Build.0 = Debug|Any CPU
		{90EB2D57-E0FF-435D-BE16-B49A579D5CA3}.Release|Any CPU.ActiveCfg = Release|Any CPU
		{90EB2D57-E0FF-435D-BE16-B49A579D5CA3}.Release|Any CPU.Build.0 = Release|Any CPU
		{5F619849-A9DA-44A9-A072-385E6B92FE5B}.Debug|Any CPU.ActiveCfg = Debug|Any CPU
		{5F619849-A9DA-44A9-A072-385E6B92FE5B}.Debug|Any CPU.Build.0 = Debug|Any CPU
		{5F619849-A9DA-44A9-A072-385E6B92FE5B}.Release|Any CPU.ActiveCfg = Release|Any CPU
		{5F619849-A9DA-44A9-A072-385E6B92FE5B}.Release|Any CPU.Build.0 = Release|Any CPU
		{39AD326E-4BF0-4208-9F20-25165713A099}.Debug|Any CPU.ActiveCfg = Debug|Any CPU
		{39AD326E-4BF0-4208-9F20-25165713A099}.Debug|Any CPU.Build.0 = Debug|Any CPU
		{39AD326E-4BF0-4208-9F20-25165713A099}.Release|Any CPU.ActiveCfg = Release|Any CPU
		{39AD326E-4BF0-4208-9F20-25165713A099}.Release|Any CPU.Build.0 = Release|Any CPU
	EndGlobalSection
	GlobalSection(SolutionProperties) = preSolution
		HideSolutionNode = FALSE
	EndGlobalSection
	GlobalSection(NestedProjects) = preSolution
		{97768613-CB85-43A1-901B-B36ACBA2EAC5} = {89704836-F83B-48EA-A026-EB2F11F330F9}
		{63C95AD9-B3A1-4C31-B389-83607531B385} = {89704836-F83B-48EA-A026-EB2F11F330F9}
		{8A121FB0-BB35-4010-B322-C052280AB8EF} = {89704836-F83B-48EA-A026-EB2F11F330F9}
		{3EDB211A-BC87-4A49-B3DD-F5F3DC3E31D2} = {63C95AD9-B3A1-4C31-B389-83607531B385}
		{D154A52B-062E-4B84-B00C-9F09544FCCD4} = {63C95AD9-B3A1-4C31-B389-83607531B385}
		{2EDB5F80-4D93-4757-9C06-8B70F928358C} = {97768613-CB85-43A1-901B-B36ACBA2EAC5}
		{3C4072BD-3E6E-4470-883C-1979720DC3FD} = {3EDB211A-BC87-4A49-B3DD-F5F3DC3E31D2}
		{3493A4E8-B94A-4086-A9DB-08A189100D23} = {3C4072BD-3E6E-4470-883C-1979720DC3FD}
		{90EB2D57-E0FF-435D-BE16-B49A579D5CA3} = {8A121FB0-BB35-4010-B322-C052280AB8EF}
		{C7B8E8A3-166B-4633-87C1-889DECC768D7} = {5EC45863-082F-496D-9EFC-E4850423079E}
		{76EC5F08-B6C3-472F-8C55-FFADE6155149} = {5EC45863-082F-496D-9EFC-E4850423079E}
		{DC4FBA86-9E7F-4B1C-ADA3-CCD2DCE4063E} = {5EC45863-082F-496D-9EFC-E4850423079E}
		{C0C777B9-AE45-4984-9455-2AA62568B68A} = {5EC45863-082F-496D-9EFC-E4850423079E}
		{19C337EA-E2CC-4F50-9D25-DAEB25E2899F} = {C7B8E8A3-166B-4633-87C1-889DECC768D7}
		{5F619849-A9DA-44A9-A072-385E6B92FE5B} = {19C337EA-E2CC-4F50-9D25-DAEB25E2899F}
		{39AD326E-4BF0-4208-9F20-25165713A099} = {76EC5F08-B6C3-472F-8C55-FFADE6155149}
	EndGlobalSection
	GlobalSection(ExtensibilityGlobals) = postSolution
		SolutionGuid = {1D1D891A-1ED4-40DF-929E-6E79DC4551B1}
	EndGlobalSection
EndGlobal
